// !$*UTF8*$!
{
	archiveVersion = 1;
	classes = {
	};
	objectVersion = 56;
	objects = {

/* Begin PBXBuildFile section */
		6C0FA22A2BDE968F000E4074 /* HestiaHubApp.swift in Sources */ = {isa = PBXBuildFile; fileRef = 6C0FA2292BDE968F000E4074 /* HestiaHubApp.swift */; };
		6C0FA22E2BDE9690000E4074 /* Assets.xcassets in Resources */ = {isa = PBXBuildFile; fileRef = 6C0FA22D2BDE9690000E4074 /* Assets.xcassets */; };
		6C0FA2312BDE9690000E4074 /* Preview Assets.xcassets in Resources */ = {isa = PBXBuildFile; fileRef = 6C0FA2302BDE9690000E4074 /* Preview Assets.xcassets */; };
		6C0FA2332BDE9690000E4074 /* Persistence.swift in Sources */ = {isa = PBXBuildFile; fileRef = 6C0FA2322BDE9690000E4074 /* Persistence.swift */; };
		6C0FA2362BDE9690000E4074 /* HestiaHub.xcdatamodeld in Sources */ = {isa = PBXBuildFile; fileRef = 6C0FA2342BDE9690000E4074 /* HestiaHub.xcdatamodeld */; };
		6C0FA2402BDE9690000E4074 /* HestiaHubTests.swift in Sources */ = {isa = PBXBuildFile; fileRef = 6C0FA23F2BDE9690000E4074 /* HestiaHubTests.swift */; };
		6C0FA24A2BDE9690000E4074 /* HestiaHubUITests.swift in Sources */ = {isa = PBXBuildFile; fileRef = 6C0FA2492BDE9690000E4074 /* HestiaHubUITests.swift */; };
		6C0FA24C2BDE9690000E4074 /* HestiaHubUITestsLaunchTests.swift in Sources */ = {isa = PBXBuildFile; fileRef = 6C0FA24B2BDE9690000E4074 /* HestiaHubUITestsLaunchTests.swift */; };
		6C0FA2592BDED519000E4074 /* ProfileListView.swift in Sources */ = {isa = PBXBuildFile; fileRef = 6C0FA2582BDED519000E4074 /* ProfileListView.swift */; };
		6C0FA25B2BDED755000E4074 /* ProfileDetailView.swift in Sources */ = {isa = PBXBuildFile; fileRef = 6C0FA25A2BDED755000E4074 /* ProfileDetailView.swift */; };
		6C2FAF942BE7F0CE001B0E2D /* Color.swift in Sources */ = {isa = PBXBuildFile; fileRef = 6C2FAF932BE7F0CE001B0E2D /* Color.swift */; };
		6C2FAF962BE7F107001B0E2D /* Font.swift in Sources */ = {isa = PBXBuildFile; fileRef = 6C2FAF952BE7F107001B0E2D /* Font.swift */; };
		6C2FAF982BE96F5C001B0E2D /* temp.swift in Sources */ = {isa = PBXBuildFile; fileRef = 6C2FAF972BE96F5C001B0E2D /* temp.swift */; };
		6C4498D62BE3AE9500D21B84 /* CameraPicker.swift in Sources */ = {isa = PBXBuildFile; fileRef = 6C4498D52BE3AE9500D21B84 /* CameraPicker.swift */; };
		6C50B5902BDEECDB007EA42C /* AddProfileViewModel.swift in Sources */ = {isa = PBXBuildFile; fileRef = 6C50B58F2BDEECDB007EA42C /* AddProfileViewModel.swift */; };
		6C50B5922BDEED1B007EA42C /* AddProfileView.swift in Sources */ = {isa = PBXBuildFile; fileRef = 6C50B5912BDEED1B007EA42C /* AddProfileView.swift */; };
		6C50B5942BDFDEB7007EA42C /* DocumentPicker.swift in Sources */ = {isa = PBXBuildFile; fileRef = 6C50B5932BDFDEB7007EA42C /* DocumentPicker.swift */; };
		6C50B5962BDFDF5D007EA42C /* AddScheduleView.swift in Sources */ = {isa = PBXBuildFile; fileRef = 6C50B5952BDFDF5D007EA42C /* AddScheduleView.swift */; };
/* End PBXBuildFile section */

/* Begin PBXContainerItemProxy section */
		6C0FA23C2BDE9690000E4074 /* PBXContainerItemProxy */ = {
			isa = PBXContainerItemProxy;
			containerPortal = 6C0FA21E2BDE968F000E4074 /* Project object */;
			proxyType = 1;
			remoteGlobalIDString = 6C0FA2252BDE968F000E4074;
			remoteInfo = HestiaHub;
		};
		6C0FA2462BDE9690000E4074 /* PBXContainerItemProxy */ = {
			isa = PBXContainerItemProxy;
			containerPortal = 6C0FA21E2BDE968F000E4074 /* Project object */;
			proxyType = 1;
			remoteGlobalIDString = 6C0FA2252BDE968F000E4074;
			remoteInfo = HestiaHub;
		};
/* End PBXContainerItemProxy section */

/* Begin PBXFileReference section */
		6C0FA2262BDE968F000E4074 /* HestiaHub.app */ = {isa = PBXFileReference; explicitFileType = wrapper.application; includeInIndex = 0; path = HestiaHub.app; sourceTree = BUILT_PRODUCTS_DIR; };
		6C0FA2292BDE968F000E4074 /* HestiaHubApp.swift */ = {isa = PBXFileReference; lastKnownFileType = sourcecode.swift; path = HestiaHubApp.swift; sourceTree = "<group>"; };
		6C0FA22D2BDE9690000E4074 /* Assets.xcassets */ = {isa = PBXFileReference; lastKnownFileType = folder.assetcatalog; path = Assets.xcassets; sourceTree = "<group>"; };
		6C0FA2302BDE9690000E4074 /* Preview Assets.xcassets */ = {isa = PBXFileReference; lastKnownFileType = folder.assetcatalog; path = "Preview Assets.xcassets"; sourceTree = "<group>"; };
		6C0FA2322BDE9690000E4074 /* Persistence.swift */ = {isa = PBXFileReference; lastKnownFileType = sourcecode.swift; path = Persistence.swift; sourceTree = "<group>"; };
		6C0FA2352BDE9690000E4074 /* HestiaHub.xcdatamodel */ = {isa = PBXFileReference; lastKnownFileType = wrapper.xcdatamodel; path = HestiaHub.xcdatamodel; sourceTree = "<group>"; };
		6C0FA23B2BDE9690000E4074 /* HestiaHubTests.xctest */ = {isa = PBXFileReference; explicitFileType = wrapper.cfbundle; includeInIndex = 0; path = HestiaHubTests.xctest; sourceTree = BUILT_PRODUCTS_DIR; };
		6C0FA23F2BDE9690000E4074 /* HestiaHubTests.swift */ = {isa = PBXFileReference; lastKnownFileType = sourcecode.swift; path = HestiaHubTests.swift; sourceTree = "<group>"; };
		6C0FA2452BDE9690000E4074 /* HestiaHubUITests.xctest */ = {isa = PBXFileReference; explicitFileType = wrapper.cfbundle; includeInIndex = 0; path = HestiaHubUITests.xctest; sourceTree = BUILT_PRODUCTS_DIR; };
		6C0FA2492BDE9690000E4074 /* HestiaHubUITests.swift */ = {isa = PBXFileReference; lastKnownFileType = sourcecode.swift; path = HestiaHubUITests.swift; sourceTree = "<group>"; };
		6C0FA24B2BDE9690000E4074 /* HestiaHubUITestsLaunchTests.swift */ = {isa = PBXFileReference; lastKnownFileType = sourcecode.swift; path = HestiaHubUITestsLaunchTests.swift; sourceTree = "<group>"; };
		6C0FA2582BDED519000E4074 /* ProfileListView.swift */ = {isa = PBXFileReference; lastKnownFileType = sourcecode.swift; path = ProfileListView.swift; sourceTree = "<group>"; };
		6C0FA25A2BDED755000E4074 /* ProfileDetailView.swift */ = {isa = PBXFileReference; lastKnownFileType = sourcecode.swift; path = ProfileDetailView.swift; sourceTree = "<group>"; };
		6C1A27A82BE0351100A5BBC6 /* HestiaHub 2.xcdatamodel */ = {isa = PBXFileReference; lastKnownFileType = wrapper.xcdatamodel; path = "HestiaHub 2.xcdatamodel"; sourceTree = "<group>"; };
		6C2FAF932BE7F0CE001B0E2D /* Color.swift */ = {isa = PBXFileReference; lastKnownFileType = sourcecode.swift; path = Color.swift; sourceTree = "<group>"; };
		6C2FAF952BE7F107001B0E2D /* Font.swift */ = {isa = PBXFileReference; lastKnownFileType = sourcecode.swift; path = Font.swift; sourceTree = "<group>"; };
		6C2FAF972BE96F5C001B0E2D /* temp.swift */ = {isa = PBXFileReference; lastKnownFileType = sourcecode.swift; path = temp.swift; sourceTree = "<group>"; };
		6C4498D52BE3AE9500D21B84 /* CameraPicker.swift */ = {isa = PBXFileReference; lastKnownFileType = sourcecode.swift; path = CameraPicker.swift; sourceTree = "<group>"; };
		6C50B58F2BDEECDB007EA42C /* AddProfileViewModel.swift */ = {isa = PBXFileReference; lastKnownFileType = sourcecode.swift; path = AddProfileViewModel.swift; sourceTree = "<group>"; };
		6C50B5912BDEED1B007EA42C /* AddProfileView.swift */ = {isa = PBXFileReference; lastKnownFileType = sourcecode.swift; path = AddProfileView.swift; sourceTree = "<group>"; };
		6C50B5932BDFDEB7007EA42C /* DocumentPicker.swift */ = {isa = PBXFileReference; lastKnownFileType = sourcecode.swift; path = DocumentPicker.swift; sourceTree = "<group>"; };
		6C50B5952BDFDF5D007EA42C /* AddScheduleView.swift */ = {isa = PBXFileReference; lastKnownFileType = sourcecode.swift; path = AddScheduleView.swift; sourceTree = "<group>"; };
/* End PBXFileReference section */

/* Begin PBXFrameworksBuildPhase section */
		6C0FA2232BDE968F000E4074 /* Frameworks */ = {
			isa = PBXFrameworksBuildPhase;
			buildActionMask = 2147483647;
			files = (
			);
			runOnlyForDeploymentPostprocessing = 0;
		};
		6C0FA2382BDE9690000E4074 /* Frameworks */ = {
			isa = PBXFrameworksBuildPhase;
			buildActionMask = 2147483647;
			files = (
			);
			runOnlyForDeploymentPostprocessing = 0;
		};
		6C0FA2422BDE9690000E4074 /* Frameworks */ = {
			isa = PBXFrameworksBuildPhase;
			buildActionMask = 2147483647;
			files = (
			);
			runOnlyForDeploymentPostprocessing = 0;
		};
/* End PBXFrameworksBuildPhase section */

/* Begin PBXGroup section */
		6C0FA21D2BDE968F000E4074 = {
			isa = PBXGroup;
			children = (
				6C0FA2282BDE968F000E4074 /* HestiaHub */,
				6C0FA23E2BDE9690000E4074 /* HestiaHubTests */,
				6C0FA2482BDE9690000E4074 /* HestiaHubUITests */,
				6C0FA2272BDE968F000E4074 /* Products */,
			);
			sourceTree = "<group>";
		};
		6C0FA2272BDE968F000E4074 /* Products */ = {
			isa = PBXGroup;
			children = (
				6C0FA2262BDE968F000E4074 /* HestiaHub.app */,
				6C0FA23B2BDE9690000E4074 /* HestiaHubTests.xctest */,
				6C0FA2452BDE9690000E4074 /* HestiaHubUITests.xctest */,
			);
			name = Products;
			sourceTree = "<group>";
		};
		6C0FA2282BDE968F000E4074 /* HestiaHub */ = {
			isa = PBXGroup;
			children = (
				6C2FAF932BE7F0CE001B0E2D /* Color.swift */,
				6C0FA2292BDE968F000E4074 /* HestiaHubApp.swift */,
				6C2FAF952BE7F107001B0E2D /* Font.swift */,
				6C0FA2322BDE9690000E4074 /* Persistence.swift */,
				6C0FA2582BDED519000E4074 /* ProfileListView.swift */,
				6C50B5932BDFDEB7007EA42C /* DocumentPicker.swift */,
				6C50B5952BDFDF5D007EA42C /* AddScheduleView.swift */,
				6C50B58F2BDEECDB007EA42C /* AddProfileViewModel.swift */,
				6C50B5912BDEED1B007EA42C /* AddProfileView.swift */,
				6C0FA25A2BDED755000E4074 /* ProfileDetailView.swift */,
				6C4498D52BE3AE9500D21B84 /* CameraPicker.swift */,
				6C2FAF972BE96F5C001B0E2D /* temp.swift */,
				6C0FA2342BDE9690000E4074 /* HestiaHub.xcdatamodeld */,
				6C0FA22D2BDE9690000E4074 /* Assets.xcassets */,
				6C0FA22F2BDE9690000E4074 /* Preview Content */,
			);
			path = HestiaHub;
			sourceTree = "<group>";
		};
		6C0FA22F2BDE9690000E4074 /* Preview Content */ = {
			isa = PBXGroup;
			children = (
				6C0FA2302BDE9690000E4074 /* Preview Assets.xcassets */,
			);
			path = "Preview Content";
			sourceTree = "<group>";
		};
		6C0FA23E2BDE9690000E4074 /* HestiaHubTests */ = {
			isa = PBXGroup;
			children = (
				6C0FA23F2BDE9690000E4074 /* HestiaHubTests.swift */,
			);
			path = HestiaHubTests;
			sourceTree = "<group>";
		};
		6C0FA2482BDE9690000E4074 /* HestiaHubUITests */ = {
			isa = PBXGroup;
			children = (
				6C0FA2492BDE9690000E4074 /* HestiaHubUITests.swift */,
				6C0FA24B2BDE9690000E4074 /* HestiaHubUITestsLaunchTests.swift */,
			);
			path = HestiaHubUITests;
			sourceTree = "<group>";
		};
/* End PBXGroup section */

/* Begin PBXNativeTarget section */
		6C0FA2252BDE968F000E4074 /* HestiaHub */ = {
			isa = PBXNativeTarget;
			buildConfigurationList = 6C0FA24F2BDE9690000E4074 /* Build configuration list for PBXNativeTarget "HestiaHub" */;
			buildPhases = (
				6C0FA2222BDE968F000E4074 /* Sources */,
				6C0FA2232BDE968F000E4074 /* Frameworks */,
				6C0FA2242BDE968F000E4074 /* Resources */,
			);
			buildRules = (
			);
			dependencies = (
			);
			name = HestiaHub;
			productName = HestiaHub;
			productReference = 6C0FA2262BDE968F000E4074 /* HestiaHub.app */;
			productType = "com.apple.product-type.application";
		};
		6C0FA23A2BDE9690000E4074 /* HestiaHubTests */ = {
			isa = PBXNativeTarget;
			buildConfigurationList = 6C0FA2522BDE9690000E4074 /* Build configuration list for PBXNativeTarget "HestiaHubTests" */;
			buildPhases = (
				6C0FA2372BDE9690000E4074 /* Sources */,
				6C0FA2382BDE9690000E4074 /* Frameworks */,
				6C0FA2392BDE9690000E4074 /* Resources */,
			);
			buildRules = (
			);
			dependencies = (
				6C0FA23D2BDE9690000E4074 /* PBXTargetDependency */,
			);
			name = HestiaHubTests;
			productName = HestiaHubTests;
			productReference = 6C0FA23B2BDE9690000E4074 /* HestiaHubTests.xctest */;
			productType = "com.apple.product-type.bundle.unit-test";
		};
		6C0FA2442BDE9690000E4074 /* HestiaHubUITests */ = {
			isa = PBXNativeTarget;
			buildConfigurationList = 6C0FA2552BDE9690000E4074 /* Build configuration list for PBXNativeTarget "HestiaHubUITests" */;
			buildPhases = (
				6C0FA2412BDE9690000E4074 /* Sources */,
				6C0FA2422BDE9690000E4074 /* Frameworks */,
				6C0FA2432BDE9690000E4074 /* Resources */,
			);
			buildRules = (
			);
			dependencies = (
				6C0FA2472BDE9690000E4074 /* PBXTargetDependency */,
			);
			name = HestiaHubUITests;
			productName = HestiaHubUITests;
			productReference = 6C0FA2452BDE9690000E4074 /* HestiaHubUITests.xctest */;
			productType = "com.apple.product-type.bundle.ui-testing";
		};
/* End PBXNativeTarget section */

/* Begin PBXProject section */
		6C0FA21E2BDE968F000E4074 /* Project object */ = {
			isa = PBXProject;
			attributes = {
				BuildIndependentTargetsInParallel = 1;
				LastSwiftUpdateCheck = 1530;
				LastUpgradeCheck = 1530;
				TargetAttributes = {
					6C0FA2252BDE968F000E4074 = {
						CreatedOnToolsVersion = 15.3;
					};
					6C0FA23A2BDE9690000E4074 = {
						CreatedOnToolsVersion = 15.3;
						TestTargetID = 6C0FA2252BDE968F000E4074;
					};
					6C0FA2442BDE9690000E4074 = {
						CreatedOnToolsVersion = 15.3;
						TestTargetID = 6C0FA2252BDE968F000E4074;
					};
				};
			};
			buildConfigurationList = 6C0FA2212BDE968F000E4074 /* Build configuration list for PBXProject "HestiaHub" */;
			compatibilityVersion = "Xcode 14.0";
			developmentRegion = en;
			hasScannedForEncodings = 0;
			knownRegions = (
				en,
				Base,
			);
			mainGroup = 6C0FA21D2BDE968F000E4074;
			productRefGroup = 6C0FA2272BDE968F000E4074 /* Products */;
			projectDirPath = "";
			projectRoot = "";
			targets = (
				6C0FA2252BDE968F000E4074 /* HestiaHub */,
				6C0FA23A2BDE9690000E4074 /* HestiaHubTests */,
				6C0FA2442BDE9690000E4074 /* HestiaHubUITests */,
			);
		};
/* End PBXProject section */

/* Begin PBXResourcesBuildPhase section */
		6C0FA2242BDE968F000E4074 /* Resources */ = {
			isa = PBXResourcesBuildPhase;
			buildActionMask = 2147483647;
			files = (
				6C0FA2312BDE9690000E4074 /* Preview Assets.xcassets in Resources */,
				6C0FA22E2BDE9690000E4074 /* Assets.xcassets in Resources */,
			);
			runOnlyForDeploymentPostprocessing = 0;
		};
		6C0FA2392BDE9690000E4074 /* Resources */ = {
			isa = PBXResourcesBuildPhase;
			buildActionMask = 2147483647;
			files = (
			);
			runOnlyForDeploymentPostprocessing = 0;
		};
		6C0FA2432BDE9690000E4074 /* Resources */ = {
			isa = PBXResourcesBuildPhase;
			buildActionMask = 2147483647;
			files = (
			);
			runOnlyForDeploymentPostprocessing = 0;
		};
/* End PBXResourcesBuildPhase section */

/* Begin PBXSourcesBuildPhase section */
		6C0FA2222BDE968F000E4074 /* Sources */ = {
			isa = PBXSourcesBuildPhase;
			buildActionMask = 2147483647;
			files = (
				6C50B5902BDEECDB007EA42C /* AddProfileViewModel.swift in Sources */,
				6C0FA2592BDED519000E4074 /* ProfileListView.swift in Sources */,
				6C0FA2332BDE9690000E4074 /* Persistence.swift in Sources */,
				6C4498D62BE3AE9500D21B84 /* CameraPicker.swift in Sources */,
				6C50B5962BDFDF5D007EA42C /* AddScheduleView.swift in Sources */,
				6C2FAF942BE7F0CE001B0E2D /* Color.swift in Sources */,
				6C50B5942BDFDEB7007EA42C /* DocumentPicker.swift in Sources */,
				6C2FAF962BE7F107001B0E2D /* Font.swift in Sources */,
				6C50B5922BDEED1B007EA42C /* AddProfileView.swift in Sources */,
				6C0FA22A2BDE968F000E4074 /* HestiaHubApp.swift in Sources */,
				6C2FAF982BE96F5C001B0E2D /* temp.swift in Sources */,
				6C0FA2362BDE9690000E4074 /* HestiaHub.xcdatamodeld in Sources */,
				6C0FA25B2BDED755000E4074 /* ProfileDetailView.swift in Sources */,
			);
			runOnlyForDeploymentPostprocessing = 0;
		};
		6C0FA2372BDE9690000E4074 /* Sources */ = {
			isa = PBXSourcesBuildPhase;
			buildActionMask = 2147483647;
			files = (
				6C0FA2402BDE9690000E4074 /* HestiaHubTests.swift in Sources */,
			);
			runOnlyForDeploymentPostprocessing = 0;
		};
		6C0FA2412BDE9690000E4074 /* Sources */ = {
			isa = PBXSourcesBuildPhase;
			buildActionMask = 2147483647;
			files = (
				6C0FA24C2BDE9690000E4074 /* HestiaHubUITestsLaunchTests.swift in Sources */,
				6C0FA24A2BDE9690000E4074 /* HestiaHubUITests.swift in Sources */,
			);
			runOnlyForDeploymentPostprocessing = 0;
		};
/* End PBXSourcesBuildPhase section */

/* Begin PBXTargetDependency section */
		6C0FA23D2BDE9690000E4074 /* PBXTargetDependency */ = {
			isa = PBXTargetDependency;
			target = 6C0FA2252BDE968F000E4074 /* HestiaHub */;
			targetProxy = 6C0FA23C2BDE9690000E4074 /* PBXContainerItemProxy */;
		};
		6C0FA2472BDE9690000E4074 /* PBXTargetDependency */ = {
			isa = PBXTargetDependency;
			target = 6C0FA2252BDE968F000E4074 /* HestiaHub */;
			targetProxy = 6C0FA2462BDE9690000E4074 /* PBXContainerItemProxy */;
		};
/* End PBXTargetDependency section */

/* Begin XCBuildConfiguration section */
		6C0FA24D2BDE9690000E4074 /* Debug */ = {
			isa = XCBuildConfiguration;
			buildSettings = {
				ALWAYS_SEARCH_USER_PATHS = NO;
				ASSETCATALOG_COMPILER_GENERATE_SWIFT_ASSET_SYMBOL_EXTENSIONS = YES;
				CLANG_ANALYZER_NONNULL = YES;
				CLANG_ANALYZER_NUMBER_OBJECT_CONVERSION = YES_AGGRESSIVE;
				CLANG_CXX_LANGUAGE_STANDARD = "gnu++20";
				CLANG_ENABLE_MODULES = YES;
				CLANG_ENABLE_OBJC_ARC = YES;
				CLANG_ENABLE_OBJC_WEAK = YES;
				CLANG_WARN_BLOCK_CAPTURE_AUTORELEASING = YES;
				CLANG_WARN_BOOL_CONVERSION = YES;
				CLANG_WARN_COMMA = YES;
				CLANG_WARN_CONSTANT_CONVERSION = YES;
				CLANG_WARN_DEPRECATED_OBJC_IMPLEMENTATIONS = YES;
				CLANG_WARN_DIRECT_OBJC_ISA_USAGE = YES_ERROR;
				CLANG_WARN_DOCUMENTATION_COMMENTS = YES;
				CLANG_WARN_EMPTY_BODY = YES;
				CLANG_WARN_ENUM_CONVERSION = YES;
				CLANG_WARN_INFINITE_RECURSION = YES;
				CLANG_WARN_INT_CONVERSION = YES;
				CLANG_WARN_NON_LITERAL_NULL_CONVERSION = YES;
				CLANG_WARN_OBJC_IMPLICIT_RETAIN_SELF = YES;
				CLANG_WARN_OBJC_LITERAL_CONVERSION = YES;
				CLANG_WARN_OBJC_ROOT_CLASS = YES_ERROR;
				CLANG_WARN_QUOTED_INCLUDE_IN_FRAMEWORK_HEADER = YES;
				CLANG_WARN_RANGE_LOOP_ANALYSIS = YES;
				CLANG_WARN_STRICT_PROTOTYPES = YES;
				CLANG_WARN_SUSPICIOUS_MOVE = YES;
				CLANG_WARN_UNGUARDED_AVAILABILITY = YES_AGGRESSIVE;
				CLANG_WARN_UNREACHABLE_CODE = YES;
				CLANG_WARN__DUPLICATE_METHOD_MATCH = YES;
				COPY_PHASE_STRIP = NO;
				DEBUG_INFORMATION_FORMAT = dwarf;
				ENABLE_STRICT_OBJC_MSGSEND = YES;
				ENABLE_TESTABILITY = YES;
				ENABLE_USER_SCRIPT_SANDBOXING = YES;
				GCC_C_LANGUAGE_STANDARD = gnu17;
				GCC_DYNAMIC_NO_PIC = NO;
				GCC_NO_COMMON_BLOCKS = YES;
				GCC_OPTIMIZATION_LEVEL = 0;
				GCC_PREPROCESSOR_DEFINITIONS = (
					"DEBUG=1",
					"$(inherited)",
				);
				GCC_WARN_64_TO_32_BIT_CONVERSION = YES;
				GCC_WARN_ABOUT_RETURN_TYPE = YES_ERROR;
				GCC_WARN_UNDECLARED_SELECTOR = YES;
				GCC_WARN_UNINITIALIZED_AUTOS = YES_AGGRESSIVE;
				GCC_WARN_UNUSED_FUNCTION = YES;
				GCC_WARN_UNUSED_VARIABLE = YES;
				IPHONEOS_DEPLOYMENT_TARGET = 17.4;
				LOCALIZATION_PREFERS_STRING_CATALOGS = YES;
				MTL_ENABLE_DEBUG_INFO = INCLUDE_SOURCE;
				MTL_FAST_MATH = YES;
				ONLY_ACTIVE_ARCH = YES;
				SDKROOT = iphoneos;
				SWIFT_ACTIVE_COMPILATION_CONDITIONS = "DEBUG $(inherited)";
				SWIFT_OPTIMIZATION_LEVEL = "-Onone";
			};
			name = Debug;
		};
		6C0FA24E2BDE9690000E4074 /* Release */ = {
			isa = XCBuildConfiguration;
			buildSettings = {
				ALWAYS_SEARCH_USER_PATHS = NO;
				ASSETCATALOG_COMPILER_GENERATE_SWIFT_ASSET_SYMBOL_EXTENSIONS = YES;
				CLANG_ANALYZER_NONNULL = YES;
				CLANG_ANALYZER_NUMBER_OBJECT_CONVERSION = YES_AGGRESSIVE;
				CLANG_CXX_LANGUAGE_STANDARD = "gnu++20";
				CLANG_ENABLE_MODULES = YES;
				CLANG_ENABLE_OBJC_ARC = YES;
				CLANG_ENABLE_OBJC_WEAK = YES;
				CLANG_WARN_BLOCK_CAPTURE_AUTORELEASING = YES;
				CLANG_WARN_BOOL_CONVERSION = YES;
				CLANG_WARN_COMMA = YES;
				CLANG_WARN_CONSTANT_CONVERSION = YES;
				CLANG_WARN_DEPRECATED_OBJC_IMPLEMENTATIONS = YES;
				CLANG_WARN_DIRECT_OBJC_ISA_USAGE = YES_ERROR;
				CLANG_WARN_DOCUMENTATION_COMMENTS = YES;
				CLANG_WARN_EMPTY_BODY = YES;
				CLANG_WARN_ENUM_CONVERSION = YES;
				CLANG_WARN_INFINITE_RECURSION = YES;
				CLANG_WARN_INT_CONVERSION = YES;
				CLANG_WARN_NON_LITERAL_NULL_CONVERSION = YES;
				CLANG_WARN_OBJC_IMPLICIT_RETAIN_SELF = YES;
				CLANG_WARN_OBJC_LITERAL_CONVERSION = YES;
				CLANG_WARN_OBJC_ROOT_CLASS = YES_ERROR;
				CLANG_WARN_QUOTED_INCLUDE_IN_FRAMEWORK_HEADER = YES;
				CLANG_WARN_RANGE_LOOP_ANALYSIS = YES;
				CLANG_WARN_STRICT_PROTOTYPES = YES;
				CLANG_WARN_SUSPICIOUS_MOVE = YES;
				CLANG_WARN_UNGUARDED_AVAILABILITY = YES_AGGRESSIVE;
				CLANG_WARN_UNREACHABLE_CODE = YES;
				CLANG_WARN__DUPLICATE_METHOD_MATCH = YES;
				COPY_PHASE_STRIP = NO;
				DEBUG_INFORMATION_FORMAT = "dwarf-with-dsym";
				ENABLE_NS_ASSERTIONS = NO;
				ENABLE_STRICT_OBJC_MSGSEND = YES;
				ENABLE_USER_SCRIPT_SANDBOXING = YES;
				GCC_C_LANGUAGE_STANDARD = gnu17;
				GCC_NO_COMMON_BLOCKS = YES;
				GCC_WARN_64_TO_32_BIT_CONVERSION = YES;
				GCC_WARN_ABOUT_RETURN_TYPE = YES_ERROR;
				GCC_WARN_UNDECLARED_SELECTOR = YES;
				GCC_WARN_UNINITIALIZED_AUTOS = YES_AGGRESSIVE;
				GCC_WARN_UNUSED_FUNCTION = YES;
				GCC_WARN_UNUSED_VARIABLE = YES;
				IPHONEOS_DEPLOYMENT_TARGET = 17.4;
				LOCALIZATION_PREFERS_STRING_CATALOGS = YES;
				MTL_ENABLE_DEBUG_INFO = NO;
				MTL_FAST_MATH = YES;
				SDKROOT = iphoneos;
				SWIFT_COMPILATION_MODE = wholemodule;
				VALIDATE_PRODUCT = YES;
			};
			name = Release;
		};
		6C0FA2502BDE9690000E4074 /* Debug */ = {
			isa = XCBuildConfiguration;
			buildSettings = {
				ASSETCATALOG_COMPILER_APPICON_NAME = AppIcon;
				ASSETCATALOG_COMPILER_GLOBAL_ACCENT_COLOR_NAME = AccentColor;
				CODE_SIGN_STYLE = Automatic;
				CURRENT_PROJECT_VERSION = 1;
				DEVELOPMENT_ASSET_PATHS = "\"HestiaHub/Preview Content\"";
				DEVELOPMENT_TEAM = 4LJ93RNS54;
				ENABLE_PREVIEWS = YES;
				GENERATE_INFOPLIST_FILE = YES;
				INFOPLIST_KEY_CFBundleDisplayName = "";
				INFOPLIST_KEY_LSApplicationCategoryType = "";
				INFOPLIST_KEY_NSCameraUsageDescription = "This app needs access to the camera to allow you to upload documents directly by taking pictures.";
				INFOPLIST_KEY_UIApplicationSceneManifest_Generation = YES;
				INFOPLIST_KEY_UIApplicationSupportsIndirectInputEvents = YES;
				INFOPLIST_KEY_UILaunchScreen_Generation = YES;
				INFOPLIST_KEY_UISupportedInterfaceOrientations_iPad = "UIInterfaceOrientationPortrait UIInterfaceOrientationPortraitUpsideDown UIInterfaceOrientationLandscapeLeft UIInterfaceOrientationLandscapeRight";
				INFOPLIST_KEY_UISupportedInterfaceOrientations_iPhone = "UIInterfaceOrientationPortrait UIInterfaceOrientationLandscapeLeft UIInterfaceOrientationLandscapeRight";
				LD_RUNPATH_SEARCH_PATHS = (
					"$(inherited)",
					"@executable_path/Frameworks",
				);
				MARKETING_VERSION = 1.0;
				PRODUCT_BUNDLE_IDENTIFIER = NYU.HestiaHub;
				PRODUCT_NAME = "$(TARGET_NAME)";
				SWIFT_EMIT_LOC_STRINGS = YES;
				SWIFT_VERSION = 5.0;
				TARGETED_DEVICE_FAMILY = "1,2";
			};
			name = Debug;
		};
		6C0FA2512BDE9690000E4074 /* Release */ = {
			isa = XCBuildConfiguration;
			buildSettings = {
				ASSETCATALOG_COMPILER_APPICON_NAME = AppIcon;
				ASSETCATALOG_COMPILER_GLOBAL_ACCENT_COLOR_NAME = AccentColor;
				CODE_SIGN_STYLE = Automatic;
				CURRENT_PROJECT_VERSION = 1;
				DEVELOPMENT_ASSET_PATHS = "\"HestiaHub/Preview Content\"";
				DEVELOPMENT_TEAM = 4LJ93RNS54;
				ENABLE_PREVIEWS = YES;
				GENERATE_INFOPLIST_FILE = YES;
				INFOPLIST_KEY_CFBundleDisplayName = "";
				INFOPLIST_KEY_LSApplicationCategoryType = "";
				INFOPLIST_KEY_NSCameraUsageDescription = "This app needs access to the camera to allow you to upload documents directly by taking pictures.";
				INFOPLIST_KEY_UIApplicationSceneManifest_Generation = YES;
				INFOPLIST_KEY_UIApplicationSupportsIndirectInputEvents = YES;
				INFOPLIST_KEY_UILaunchScreen_Generation = YES;
				INFOPLIST_KEY_UISupportedInterfaceOrientations_iPad = "UIInterfaceOrientationPortrait UIInterfaceOrientationPortraitUpsideDown UIInterfaceOrientationLandscapeLeft UIInterfaceOrientationLandscapeRight";
				INFOPLIST_KEY_UISupportedInterfaceOrientations_iPhone = "UIInterfaceOrientationPortrait UIInterfaceOrientationLandscapeLeft UIInterfaceOrientationLandscapeRight";
				LD_RUNPATH_SEARCH_PATHS = (
					"$(inherited)",
					"@executable_path/Frameworks",
				);
				MARKETING_VERSION = 1.0;
				PRODUCT_BUNDLE_IDENTIFIER = NYU.HestiaHub;
				PRODUCT_NAME = "$(TARGET_NAME)";
				SWIFT_EMIT_LOC_STRINGS = YES;
				SWIFT_VERSION = 5.0;
				TARGETED_DEVICE_FAMILY = "1,2";
			};
			name = Release;
		};
		6C0FA2532BDE9690000E4074 /* Debug */ = {
			isa = XCBuildConfiguration;
			buildSettings = {
				ALWAYS_EMBED_SWIFT_STANDARD_LIBRARIES = YES;
				BUNDLE_LOADER = "$(TEST_HOST)";
				CODE_SIGN_STYLE = Automatic;
				CURRENT_PROJECT_VERSION = 1;
				DEVELOPMENT_TEAM = 4LJ93RNS54;
				GENERATE_INFOPLIST_FILE = YES;
				IPHONEOS_DEPLOYMENT_TARGET = 17.4;
				MARKETING_VERSION = 1.0;
				PRODUCT_BUNDLE_IDENTIFIER = NYU.HestiaHubTests;
				PRODUCT_NAME = "$(TARGET_NAME)";
				SWIFT_EMIT_LOC_STRINGS = NO;
				SWIFT_VERSION = 5.0;
				TARGETED_DEVICE_FAMILY = "1,2";
				TEST_HOST = "$(BUILT_PRODUCTS_DIR)/HestiaHub.app/$(BUNDLE_EXECUTABLE_FOLDER_PATH)/HestiaHub";
			};
			name = Debug;
		};
		6C0FA2542BDE9690000E4074 /* Release */ = {
			isa = XCBuildConfiguration;
			buildSettings = {
				ALWAYS_EMBED_SWIFT_STANDARD_LIBRARIES = YES;
				BUNDLE_LOADER = "$(TEST_HOST)";
				CODE_SIGN_STYLE = Automatic;
				CURRENT_PROJECT_VERSION = 1;
				DEVELOPMENT_TEAM = 4LJ93RNS54;
				GENERATE_INFOPLIST_FILE = YES;
				IPHONEOS_DEPLOYMENT_TARGET = 17.4;
				MARKETING_VERSION = 1.0;
				PRODUCT_BUNDLE_IDENTIFIER = NYU.HestiaHubTests;
				PRODUCT_NAME = "$(TARGET_NAME)";
				SWIFT_EMIT_LOC_STRINGS = NO;
				SWIFT_VERSION = 5.0;
				TARGETED_DEVICE_FAMILY = "1,2";
				TEST_HOST = "$(BUILT_PRODUCTS_DIR)/HestiaHub.app/$(BUNDLE_EXECUTABLE_FOLDER_PATH)/HestiaHub";
			};
			name = Release;
		};
		6C0FA2562BDE9690000E4074 /* Debug */ = {
			isa = XCBuildConfiguration;
			buildSettings = {
				ALWAYS_EMBED_SWIFT_STANDARD_LIBRARIES = YES;
				CODE_SIGN_STYLE = Automatic;
				CURRENT_PROJECT_VERSION = 1;
				DEVELOPMENT_TEAM = 4LJ93RNS54;
				GENERATE_INFOPLIST_FILE = YES;
				MARKETING_VERSION = 1.0;
				PRODUCT_BUNDLE_IDENTIFIER = NYU.HestiaHubUITests;
				PRODUCT_NAME = "$(TARGET_NAME)";
				SWIFT_EMIT_LOC_STRINGS = NO;
				SWIFT_VERSION = 5.0;
				TARGETED_DEVICE_FAMILY = "1,2";
				TEST_TARGET_NAME = HestiaHub;
			};
			name = Debug;
		};
		6C0FA2572BDE9690000E4074 /* Release */ = {
			isa = XCBuildConfiguration;
			buildSettings = {
				ALWAYS_EMBED_SWIFT_STANDARD_LIBRARIES = YES;
				CODE_SIGN_STYLE = Automatic;
				CURRENT_PROJECT_VERSION = 1;
				DEVELOPMENT_TEAM = 4LJ93RNS54;
				GENERATE_INFOPLIST_FILE = YES;
				MARKETING_VERSION = 1.0;
				PRODUCT_BUNDLE_IDENTIFIER = NYU.HestiaHubUITests;
				PRODUCT_NAME = "$(TARGET_NAME)";
				SWIFT_EMIT_LOC_STRINGS = NO;
				SWIFT_VERSION = 5.0;
				TARGETED_DEVICE_FAMILY = "1,2";
				TEST_TARGET_NAME = HestiaHub;
			};
			name = Release;
		};
/* End XCBuildConfiguration section */

/* Begin XCConfigurationList section */
		6C0FA2212BDE968F000E4074 /* Build configuration list for PBXProject "HestiaHub" */ = {
			isa = XCConfigurationList;
			buildConfigurations = (
				6C0FA24D2BDE9690000E4074 /* Debug */,
				6C0FA24E2BDE9690000E4074 /* Release */,
			);
			defaultConfigurationIsVisible = 0;
			defaultConfigurationName = Release;
		};
		6C0FA24F2BDE9690000E4074 /* Build configuration list for PBXNativeTarget "HestiaHub" */ = {
			isa = XCConfigurationList;
			buildConfigurations = (
				6C0FA2502BDE9690000E4074 /* Debug */,
				6C0FA2512BDE9690000E4074 /* Release */,
			);
			defaultConfigurationIsVisible = 0;
			defaultConfigurationName = Release;
		};
		6C0FA2522BDE9690000E4074 /* Build configuration list for PBXNativeTarget "HestiaHubTests" */ = {
			isa = XCConfigurationList;
			buildConfigurations = (
				6C0FA2532BDE9690000E4074 /* Debug */,
				6C0FA2542BDE9690000E4074 /* Release */,
			);
			defaultConfigurationIsVisible = 0;
			defaultConfigurationName = Release;
		};
		6C0FA2552BDE9690000E4074 /* Build configuration list for PBXNativeTarget "HestiaHubUITests" */ = {
			isa = XCConfigurationList;
			buildConfigurations = (
				6C0FA2562BDE9690000E4074 /* Debug */,
				6C0FA2572BDE9690000E4074 /* Release */,
			);
			defaultConfigurationIsVisible = 0;
			defaultConfigurationName = Release;
		};
/* End XCConfigurationList section */

/* Begin XCVersionGroup section */
		6C0FA2342BDE9690000E4074 /* HestiaHub.xcdatamodeld */ = {
			isa = XCVersionGroup;
			children = (
				6C1A27A82BE0351100A5BBC6 /* HestiaHub 2.xcdatamodel */,
				6C0FA2352BDE9690000E4074 /* HestiaHub.xcdatamodel */,
			);
			currentVersion = 6C0FA2352BDE9690000E4074 /* HestiaHub.xcdatamodel */;
			path = HestiaHub.xcdatamodeld;
			sourceTree = "<group>";
			versionGroupType = wrapper.xcdatamodel;
		};
/* End XCVersionGroup section */
	};
	rootObject = 6C0FA21E2BDE968F000E4074 /* Project object */;
}
